// !$*UTF8*$!
{
	archiveVersion = 1;
	classes = {
	};
	objectVersion = 46;
	objects = {

/* Begin PBXAggregateTarget section */
		932268571A88F94400BC57E2 /* UniversalLib */ = {
			isa = PBXAggregateTarget;
			buildConfigurationList = 9322685A1A88F94400BC57E2 /* Build configuration list for PBXAggregateTarget "UniversalLib" */;
			buildPhases = (
				9322685B1A88F97200BC57E2 /* ShellScript */,
			);
			dependencies = (
			);
			name = UniversalLib;
			productName = UniversalLib;
		};
/* End PBXAggregateTarget section */

/* Begin PBXBuildFile section */
		384DFB71151023C9A3969FB2 /* libPods-SignalRClientObjCTests.a in Frameworks */ = {isa = PBXBuildFile; fileRef = F2BCD9213884E93EC1567D75 /* libPods-SignalRClientObjCTests.a */; };
		932268461A7FB20700BC57E2 /* SignalRNetworkingSpec.m in Sources */ = {isa = PBXBuildFile; fileRef = 932268451A7FB20700BC57E2 /* SignalRNetworkingSpec.m */; };
		9322684D1A7FBE8E00BC57E2 /* TestHelpers.m in Sources */ = {isa = PBXBuildFile; fileRef = 9322684C1A7FBE8E00BC57E2 /* TestHelpers.m */; };
		932268501A7FC34E00BC57E2 /* SRLongPollingTransportSpec.m in Sources */ = {isa = PBXBuildFile; fileRef = 9322684F1A7FC34E00BC57E2 /* SRLongPollingTransportSpec.m */; };
		932268521A7FC43C00BC57E2 /* SRServerSentEventsTransportSpec.m in Sources */ = {isa = PBXBuildFile; fileRef = 932268511A7FC43C00BC57E2 /* SRServerSentEventsTransportSpec.m */; };
		932268541A83A59000BC57E2 /* SRHttpBasedTransportSpec.m in Sources */ = {isa = PBXBuildFile; fileRef = 932268531A83A59000BC57E2 /* SRHttpBasedTransportSpec.m */; };
		932268561A8513EC00BC57E2 /* SignalRAFNetworkingTest.m in Sources */ = {isa = PBXBuildFile; fileRef = 932268551A8513EC00BC57E2 /* SignalRAFNetworkingTest.m */; };
		932268831A88FC5400BC57E2 /* TestHelpers.h in Headers */ = {isa = PBXBuildFile; fileRef = 9322684E1A7FBF9500BC57E2 /* TestHelpers.h */; settings = {ATTRIBUTES = (Public, ); }; };
		932268851A88FCC900BC57E2 /* libPods.a in Frameworks */ = {isa = PBXBuildFile; fileRef = 932268841A88FCC900BC57E2 /* libPods.a */; };
		932269041A899A0600BC57E2 /* SRHubConnection.h in Headers */ = {isa = PBXBuildFile; fileRef = 932268BF1A899A0600BC57E2 /* SRHubConnection.h */; };
		932269051A899A0600BC57E2 /* SRHubConnection.m in Sources */ = {isa = PBXBuildFile; fileRef = 932268C01A899A0600BC57E2 /* SRHubConnection.m */; };
		932269061A899A0600BC57E2 /* SRHubConnectionInterface.h in Headers */ = {isa = PBXBuildFile; fileRef = 932268C11A899A0600BC57E2 /* SRHubConnectionInterface.h */; };
		932269071A899A0600BC57E2 /* SRHubInvocation.h in Headers */ = {isa = PBXBuildFile; fileRef = 932268C21A899A0600BC57E2 /* SRHubInvocation.h */; };
		932269081A899A0600BC57E2 /* SRHubInvocation.m in Sources */ = {isa = PBXBuildFile; fileRef = 932268C31A899A0600BC57E2 /* SRHubInvocation.m */; };
		932269091A899A0600BC57E2 /* SRHubProxy.h in Headers */ = {isa = PBXBuildFile; fileRef = 932268C41A899A0600BC57E2 /* SRHubProxy.h */; };
		9322690A1A899A0600BC57E2 /* SRHubProxy.m in Sources */ = {isa = PBXBuildFile; fileRef = 932268C51A899A0600BC57E2 /* SRHubProxy.m */; };
		9322690B1A899A0600BC57E2 /* SRHubProxyExtensions.h in Headers */ = {isa = PBXBuildFile; fileRef = 932268C61A899A0600BC57E2 /* SRHubProxyExtensions.h */; };
		9322690C1A899A0600BC57E2 /* SRHubProxyExtensions.m in Sources */ = {isa = PBXBuildFile; fileRef = 932268C71A899A0600BC57E2 /* SRHubProxyExtensions.m */; };
		9322690D1A899A0600BC57E2 /* SRHubProxyInterface.h in Headers */ = {isa = PBXBuildFile; fileRef = 932268C81A899A0600BC57E2 /* SRHubProxyInterface.h */; };
		9322690E1A899A0600BC57E2 /* SRHubRegistrationData.h in Headers */ = {isa = PBXBuildFile; fileRef = 932268C91A899A0600BC57E2 /* SRHubRegistrationData.h */; };
		9322690F1A899A0600BC57E2 /* SRHubRegistrationData.m in Sources */ = {isa = PBXBuildFile; fileRef = 932268CA1A899A0600BC57E2 /* SRHubRegistrationData.m */; };
		932269101A899A0600BC57E2 /* SRHubResult.h in Headers */ = {isa = PBXBuildFile; fileRef = 932268CB1A899A0600BC57E2 /* SRHubResult.h */; };
		932269111A899A0600BC57E2 /* SRHubResult.m in Sources */ = {isa = PBXBuildFile; fileRef = 932268CC1A899A0600BC57E2 /* SRHubResult.m */; };
		932269121A899A0600BC57E2 /* SRHubs.h in Headers */ = {isa = PBXBuildFile; fileRef = 932268CD1A899A0600BC57E2 /* SRHubs.h */; };
		932269131A899A0600BC57E2 /* SRHubservable.h in Headers */ = {isa = PBXBuildFile; fileRef = 932268CE1A899A0600BC57E2 /* SRHubservable.h */; };
		932269141A899A0600BC57E2 /* SRHubservable.m in Sources */ = {isa = PBXBuildFile; fileRef = 932268CF1A899A0600BC57E2 /* SRHubservable.m */; };
		932269151A899A0600BC57E2 /* SRSubscription.h in Headers */ = {isa = PBXBuildFile; fileRef = 932268D01A899A0600BC57E2 /* SRSubscription.h */; };
		932269161A899A0600BC57E2 /* SRSubscription.m in Sources */ = {isa = PBXBuildFile; fileRef = 932268D11A899A0600BC57E2 /* SRSubscription.m */; };
		932269171A899A0600BC57E2 /* SignalRAFNetworking.h in Headers */ = {isa = PBXBuildFile; fileRef = 932268D41A899A0600BC57E2 /* SignalRAFNetworking.h */; };
		932269181A899A0600BC57E2 /* SignalRAFNetworking.m in Sources */ = {isa = PBXBuildFile; fileRef = 932268D51A899A0600BC57E2 /* SignalRAFNetworking.m */; };
		932269191A899A0600BC57E2 /* SignalRNetworking.h in Headers */ = {isa = PBXBuildFile; fileRef = 932268D61A899A0600BC57E2 /* SignalRNetworking.h */; };
		9322691A1A899A0600BC57E2 /* NSObject+SRJSON.h in Headers */ = {isa = PBXBuildFile; fileRef = 932268D71A899A0600BC57E2 /* NSObject+SRJSON.h */; };
		9322691B1A899A0600BC57E2 /* NSObject+SRJSON.m in Sources */ = {isa = PBXBuildFile; fileRef = 932268D81A899A0600BC57E2 /* NSObject+SRJSON.m */; };
		9322691C1A899A0600BC57E2 /* SRDeserializable.h in Headers */ = {isa = PBXBuildFile; fileRef = 932268D91A899A0600BC57E2 /* SRDeserializable.h */; };
		9322691D1A899A0600BC57E2 /* SRExceptionHelper.h in Headers */ = {isa = PBXBuildFile; fileRef = 932268DA1A899A0600BC57E2 /* SRExceptionHelper.h */; };
		9322691E1A899A0600BC57E2 /* SRExceptionHelper.m in Sources */ = {isa = PBXBuildFile; fileRef = 932268DB1A899A0600BC57E2 /* SRExceptionHelper.m */; };
		9322691F1A899A0600BC57E2 /* SRSerializable.h in Headers */ = {isa = PBXBuildFile; fileRef = 932268DC1A899A0600BC57E2 /* SRSerializable.h */; };
		932269201A899A0600BC57E2 /* SRVersion.h in Headers */ = {isa = PBXBuildFile; fileRef = 932268DD1A899A0600BC57E2 /* SRVersion.h */; };
		932269211A899A0600BC57E2 /* SRVersion.m in Sources */ = {isa = PBXBuildFile; fileRef = 932268DE1A899A0600BC57E2 /* SRVersion.m */; };
		932269221A899A0600BC57E2 /* SignalR.h in Headers */ = {isa = PBXBuildFile; fileRef = 932268DF1A899A0600BC57E2 /* SignalR.h */; };
		932269231A899A0600BC57E2 /* SRConnection.h in Headers */ = {isa = PBXBuildFile; fileRef = 932268E01A899A0600BC57E2 /* SRConnection.h */; };
		932269241A899A0600BC57E2 /* SRConnection.m in Sources */ = {isa = PBXBuildFile; fileRef = 932268E11A899A0600BC57E2 /* SRConnection.m */; };
		932269251A899A0600BC57E2 /* SRConnectionDelegate.h in Headers */ = {isa = PBXBuildFile; fileRef = 932268E21A899A0600BC57E2 /* SRConnectionDelegate.h */; };
		932269261A899A0600BC57E2 /* SRConnectionExtensions.h in Headers */ = {isa = PBXBuildFile; fileRef = 932268E31A899A0600BC57E2 /* SRConnectionExtensions.h */; };
		932269271A899A0600BC57E2 /* SRConnectionExtensions.m in Sources */ = {isa = PBXBuildFile; fileRef = 932268E41A899A0600BC57E2 /* SRConnectionExtensions.m */; };
		932269281A899A0600BC57E2 /* SRConnectionInterface.h in Headers */ = {isa = PBXBuildFile; fileRef = 932268E51A899A0600BC57E2 /* SRConnectionInterface.h */; };
		932269291A899A0600BC57E2 /* SRConnectionState.h in Headers */ = {isa = PBXBuildFile; fileRef = 932268E61A899A0600BC57E2 /* SRConnectionState.h */; };
		9322692A1A899A0600BC57E2 /* SRHeartbeatMonitor.h in Headers */ = {isa = PBXBuildFile; fileRef = 932268E71A899A0600BC57E2 /* SRHeartbeatMonitor.h */; };
		9322692B1A899A0600BC57E2 /* SRHeartbeatMonitor.m in Sources */ = {isa = PBXBuildFile; fileRef = 932268E81A899A0600BC57E2 /* SRHeartbeatMonitor.m */; };
		9322692C1A899A0600BC57E2 /* SRKeepAliveData.h in Headers */ = {isa = PBXBuildFile; fileRef = 932268E91A899A0600BC57E2 /* SRKeepAliveData.h */; };
		9322692D1A899A0600BC57E2 /* SRKeepAliveData.m in Sources */ = {isa = PBXBuildFile; fileRef = 932268EA1A899A0600BC57E2 /* SRKeepAliveData.m */; };
		9322692E1A899A0600BC57E2 /* SRLog.h in Headers */ = {isa = PBXBuildFile; fileRef = 932268EB1A899A0600BC57E2 /* SRLog.h */; };
		9322692F1A899A0600BC57E2 /* SRNegotiationResponse.h in Headers */ = {isa = PBXBuildFile; fileRef = 932268EC1A899A0600BC57E2 /* SRNegotiationResponse.h */; };
		932269301A899A0600BC57E2 /* SRNegotiationResponse.m in Sources */ = {isa = PBXBuildFile; fileRef = 932268ED1A899A0600BC57E2 /* SRNegotiationResponse.m */; };
		932269311A899A0600BC57E2 /* SRChunkBuffer.h in Headers */ = {isa = PBXBuildFile; fileRef = 932268F01A899A0600BC57E2 /* SRChunkBuffer.h */; };
		932269321A899A0600BC57E2 /* SRChunkBuffer.m in Sources */ = {isa = PBXBuildFile; fileRef = 932268F11A899A0600BC57E2 /* SRChunkBuffer.m */; };
		932269331A899A0600BC57E2 /* SREventSourceStreamReader.h in Headers */ = {isa = PBXBuildFile; fileRef = 932268F21A899A0600BC57E2 /* SREventSourceStreamReader.h */; };
		932269341A899A0600BC57E2 /* SREventSourceStreamReader.m in Sources */ = {isa = PBXBuildFile; fileRef = 932268F31A899A0600BC57E2 /* SREventSourceStreamReader.m */; };
		932269351A899A0600BC57E2 /* SRServerSentEvent.h in Headers */ = {isa = PBXBuildFile; fileRef = 932268F41A899A0600BC57E2 /* SRServerSentEvent.h */; };
		932269361A899A0600BC57E2 /* SRServerSentEvent.m in Sources */ = {isa = PBXBuildFile; fileRef = 932268F51A899A0600BC57E2 /* SRServerSentEvent.m */; };
		932269371A899A0600BC57E2 /* SRAutoTransport.h in Headers */ = {isa = PBXBuildFile; fileRef = 932268F61A899A0600BC57E2 /* SRAutoTransport.h */; };
		932269381A899A0600BC57E2 /* SRAutoTransport.m in Sources */ = {isa = PBXBuildFile; fileRef = 932268F71A899A0600BC57E2 /* SRAutoTransport.m */; };
		932269391A899A0600BC57E2 /* SRClientTransportInterface.h in Headers */ = {isa = PBXBuildFile; fileRef = 932268F81A899A0600BC57E2 /* SRClientTransportInterface.h */; };
		9322693A1A899A0600BC57E2 /* SRHttpBasedTransport.h in Headers */ = {isa = PBXBuildFile; fileRef = 932268F91A899A0600BC57E2 /* SRHttpBasedTransport.h */; };
		9322693B1A899A0600BC57E2 /* SRHttpBasedTransport.m in Sources */ = {isa = PBXBuildFile; fileRef = 932268FA1A899A0600BC57E2 /* SRHttpBasedTransport.m */; };
		9322693C1A899A0600BC57E2 /* SRLongPollingTransport.h in Headers */ = {isa = PBXBuildFile; fileRef = 932268FB1A899A0600BC57E2 /* SRLongPollingTransport.h */; };
		9322693D1A899A0600BC57E2 /* SRLongPollingTransport.m in Sources */ = {isa = PBXBuildFile; fileRef = 932268FC1A899A0600BC57E2 /* SRLongPollingTransport.m */; };
		9322693E1A899A0600BC57E2 /* SRServerSentEventsTransport.h in Headers */ = {isa = PBXBuildFile; fileRef = 932268FD1A899A0600BC57E2 /* SRServerSentEventsTransport.h */; };
		9322693F1A899A0600BC57E2 /* SRServerSentEventsTransport.m in Sources */ = {isa = PBXBuildFile; fileRef = 932268FE1A899A0600BC57E2 /* SRServerSentEventsTransport.m */; };
		932269401A899A0600BC57E2 /* SRWebSocketTransport.h in Headers */ = {isa = PBXBuildFile; fileRef = 932268FF1A899A0600BC57E2 /* SRWebSocketTransport.h */; };
		932269411A899A0600BC57E2 /* SRWebSocketTransport.m in Sources */ = {isa = PBXBuildFile; fileRef = 932269001A899A0600BC57E2 /* SRWebSocketTransport.m */; };
		932269421A899A0600BC57E2 /* SRWebSocketConnectionInfo.h in Headers */ = {isa = PBXBuildFile; fileRef = 932269021A899A0600BC57E2 /* SRWebSocketConnectionInfo.h */; };
		932269431A899A0600BC57E2 /* SRWebSocketConnectionInfo.m in Sources */ = {isa = PBXBuildFile; fileRef = 932269031A899A0600BC57E2 /* SRWebSocketConnectionInfo.m */; };
		934745691A7360CA00822A5D /* libicucore.dylib in Frameworks */ = {isa = PBXBuildFile; fileRef = 934745681A7360CA00822A5D /* libicucore.dylib */; };
		9347456A1A7372D700822A5D /* libicucore.dylib in Frameworks */ = {isa = PBXBuildFile; fileRef = 934745681A7360CA00822A5D /* libicucore.dylib */; };
		9347456C1A7778AE00822A5D /* SRAutoTransportSpec.m in Sources */ = {isa = PBXBuildFile; fileRef = 9347456B1A7778AE00822A5D /* SRAutoTransportSpec.m */; };
		936F0A0C1A70F0A000FD20B7 /* SRWebSocketTransportSpec.m in Sources */ = {isa = PBXBuildFile; fileRef = 936F0A0B1A70F0A000FD20B7 /* SRWebSocketTransportSpec.m */; };
		937775A71A8A1842000312A5 /* TestNetworking.m in Sources */ = {isa = PBXBuildFile; fileRef = 937775A61A8A1842000312A5 /* TestNetworking.m */; };
		937775A91A8A2CE6000312A5 /* SRConnectionSpec.m in Sources */ = {isa = PBXBuildFile; fileRef = 937775A81A8A2CE6000312A5 /* SRConnectionSpec.m */; };
		93E18E131A70EAE0008DD86A /* libSignalRClientObjC.a in Frameworks */ = {isa = PBXBuildFile; fileRef = 93E18E071A70EAE0008DD86A /* libSignalRClientObjC.a */; };
/* End PBXBuildFile section */

/* Begin PBXContainerItemProxy section */
		93E18E141A70EAE0008DD86A /* PBXContainerItemProxy */ = {
			isa = PBXContainerItemProxy;
			containerPortal = 93E18DFF1A70EAE0008DD86A /* Project object */;
			proxyType = 1;
			remoteGlobalIDString = 93E18E061A70EAE0008DD86A;
			remoteInfo = SignalRClientObjC;
		};
/* End PBXContainerItemProxy section */

/* Begin PBXCopyFilesBuildPhase section */
		93E18E051A70EAE0008DD86A /* CopyFiles */ = {
			isa = PBXCopyFilesBuildPhase;
			buildActionMask = 2147483647;
			dstPath = "include/$(PRODUCT_NAME)";
			dstSubfolderSpec = 16;
			files = (
			);
			runOnlyForDeploymentPostprocessing = 0;
		};
/* End PBXCopyFilesBuildPhase section */

/* Begin PBXFileReference section */
		280452D851E055063089A1B8 /* Pods-SignalRClientObjCTests.debug.xcconfig */ = {isa = PBXFileReference; includeInIndex = 1; lastKnownFileType = text.xcconfig; name = "Pods-SignalRClientObjCTests.debug.xcconfig"; path = "Pods/Target Support Files/Pods-SignalRClientObjCTests/Pods-SignalRClientObjCTests.debug.xcconfig"; sourceTree = "<group>"; };
		29209B79725ED7ACBE4B91A4 /* Pods.debug.xcconfig */ = {isa = PBXFileReference; includeInIndex = 1; lastKnownFileType = text.xcconfig; name = Pods.debug.xcconfig; path = "Pods/Target Support Files/Pods/Pods.debug.xcconfig"; sourceTree = "<group>"; };
		932268451A7FB20700BC57E2 /* SignalRNetworkingSpec.m */ = {isa = PBXFileReference; fileEncoding = 4; lastKnownFileType = sourcecode.c.objc; path = SignalRNetworkingSpec.m; sourceTree = "<group>"; };
		9322684C1A7FBE8E00BC57E2 /* TestHelpers.m */ = {isa = PBXFileReference; fileEncoding = 4; lastKnownFileType = sourcecode.c.objc; path = TestHelpers.m; sourceTree = "<group>"; };
		9322684E1A7FBF9500BC57E2 /* TestHelpers.h */ = {isa = PBXFileReference; fileEncoding = 4; lastKnownFileType = sourcecode.c.h; path = TestHelpers.h; sourceTree = "<group>"; };
		9322684F1A7FC34E00BC57E2 /* SRLongPollingTransportSpec.m */ = {isa = PBXFileReference; fileEncoding = 4; lastKnownFileType = sourcecode.c.objc; name = SRLongPollingTransportSpec.m; path = Transports/SRLongPollingTransportSpec.m; sourceTree = "<group>"; };
		932268511A7FC43C00BC57E2 /* SRServerSentEventsTransportSpec.m */ = {isa = PBXFileReference; fileEncoding = 4; lastKnownFileType = sourcecode.c.objc; name = SRServerSentEventsTransportSpec.m; path = Transports/SRServerSentEventsTransportSpec.m; sourceTree = "<group>"; };
		932268531A83A59000BC57E2 /* SRHttpBasedTransportSpec.m */ = {isa = PBXFileReference; fileEncoding = 4; lastKnownFileType = sourcecode.c.objc; name = SRHttpBasedTransportSpec.m; path = Transports/SRHttpBasedTransportSpec.m; sourceTree = "<group>"; };
		932268551A8513EC00BC57E2 /* SignalRAFNetworkingTest.m */ = {isa = PBXFileReference; fileEncoding = 4; lastKnownFileType = sourcecode.c.objc; path = SignalRAFNetworkingTest.m; sourceTree = "<group>"; };
		932268841A88FCC900BC57E2 /* libPods.a */ = {isa = PBXFileReference; lastKnownFileType = archive.ar; name = libPods.a; path = "Pods/build/Debug-iphoneos/libPods.a"; sourceTree = "<group>"; };
		932268BF1A899A0600BC57E2 /* SRHubConnection.h */ = {isa = PBXFileReference; fileEncoding = 4; lastKnownFileType = sourcecode.c.h; path = SRHubConnection.h; sourceTree = "<group>"; };
		932268C01A899A0600BC57E2 /* SRHubConnection.m */ = {isa = PBXFileReference; fileEncoding = 4; lastKnownFileType = sourcecode.c.objc; path = SRHubConnection.m; sourceTree = "<group>"; };
		932268C11A899A0600BC57E2 /* SRHubConnectionInterface.h */ = {isa = PBXFileReference; fileEncoding = 4; lastKnownFileType = sourcecode.c.h; path = SRHubConnectionInterface.h; sourceTree = "<group>"; };
		932268C21A899A0600BC57E2 /* SRHubInvocation.h */ = {isa = PBXFileReference; fileEncoding = 4; lastKnownFileType = sourcecode.c.h; path = SRHubInvocation.h; sourceTree = "<group>"; };
		932268C31A899A0600BC57E2 /* SRHubInvocation.m */ = {isa = PBXFileReference; fileEncoding = 4; lastKnownFileType = sourcecode.c.objc; path = SRHubInvocation.m; sourceTree = "<group>"; };
		932268C41A899A0600BC57E2 /* SRHubProxy.h */ = {isa = PBXFileReference; fileEncoding = 4; lastKnownFileType = sourcecode.c.h; path = SRHubProxy.h; sourceTree = "<group>"; };
		932268C51A899A0600BC57E2 /* SRHubProxy.m */ = {isa = PBXFileReference; fileEncoding = 4; lastKnownFileType = sourcecode.c.objc; path = SRHubProxy.m; sourceTree = "<group>"; };
		932268C61A899A0600BC57E2 /* SRHubProxyExtensions.h */ = {isa = PBXFileReference; fileEncoding = 4; lastKnownFileType = sourcecode.c.h; path = SRHubProxyExtensions.h; sourceTree = "<group>"; };
		932268C71A899A0600BC57E2 /* SRHubProxyExtensions.m */ = {isa = PBXFileReference; fileEncoding = 4; lastKnownFileType = sourcecode.c.objc; path = SRHubProxyExtensions.m; sourceTree = "<group>"; };
		932268C81A899A0600BC57E2 /* SRHubProxyInterface.h */ = {isa = PBXFileReference; fileEncoding = 4; lastKnownFileType = sourcecode.c.h; path = SRHubProxyInterface.h; sourceTree = "<group>"; };
		932268C91A899A0600BC57E2 /* SRHubRegistrationData.h */ = {isa = PBXFileReference; fileEncoding = 4; lastKnownFileType = sourcecode.c.h; path = SRHubRegistrationData.h; sourceTree = "<group>"; };
		932268CA1A899A0600BC57E2 /* SRHubRegistrationData.m */ = {isa = PBXFileReference; fileEncoding = 4; lastKnownFileType = sourcecode.c.objc; path = SRHubRegistrationData.m; sourceTree = "<group>"; };
		932268CB1A899A0600BC57E2 /* SRHubResult.h */ = {isa = PBXFileReference; fileEncoding = 4; lastKnownFileType = sourcecode.c.h; path = SRHubResult.h; sourceTree = "<group>"; };
		932268CC1A899A0600BC57E2 /* SRHubResult.m */ = {isa = PBXFileReference; fileEncoding = 4; lastKnownFileType = sourcecode.c.objc; path = SRHubResult.m; sourceTree = "<group>"; };
		932268CD1A899A0600BC57E2 /* SRHubs.h */ = {isa = PBXFileReference; fileEncoding = 4; lastKnownFileType = sourcecode.c.h; path = SRHubs.h; sourceTree = "<group>"; };
		932268CE1A899A0600BC57E2 /* SRHubservable.h */ = {isa = PBXFileReference; fileEncoding = 4; lastKnownFileType = sourcecode.c.h; path = SRHubservable.h; sourceTree = "<group>"; };
		932268CF1A899A0600BC57E2 /* SRHubservable.m */ = {isa = PBXFileReference; fileEncoding = 4; lastKnownFileType = sourcecode.c.objc; path = SRHubservable.m; sourceTree = "<group>"; };
		932268D01A899A0600BC57E2 /* SRSubscription.h */ = {isa = PBXFileReference; fileEncoding = 4; lastKnownFileType = sourcecode.c.h; path = SRSubscription.h; sourceTree = "<group>"; };
		932268D11A899A0600BC57E2 /* SRSubscription.m */ = {isa = PBXFileReference; fileEncoding = 4; lastKnownFileType = sourcecode.c.objc; path = SRSubscription.m; sourceTree = "<group>"; };
		932268D41A899A0600BC57E2 /* SignalRAFNetworking.h */ = {isa = PBXFileReference; fileEncoding = 4; lastKnownFileType = sourcecode.c.h; path = SignalRAFNetworking.h; sourceTree = "<group>"; };
		932268D51A899A0600BC57E2 /* SignalRAFNetworking.m */ = {isa = PBXFileReference; fileEncoding = 4; lastKnownFileType = sourcecode.c.objc; path = SignalRAFNetworking.m; sourceTree = "<group>"; };
		932268D61A899A0600BC57E2 /* SignalRNetworking.h */ = {isa = PBXFileReference; fileEncoding = 4; lastKnownFileType = sourcecode.c.h; path = SignalRNetworking.h; sourceTree = "<group>"; };
		932268D71A899A0600BC57E2 /* NSObject+SRJSON.h */ = {isa = PBXFileReference; fileEncoding = 4; lastKnownFileType = sourcecode.c.h; path = "NSObject+SRJSON.h"; sourceTree = "<group>"; };
		932268D81A899A0600BC57E2 /* NSObject+SRJSON.m */ = {isa = PBXFileReference; fileEncoding = 4; lastKnownFileType = sourcecode.c.objc; path = "NSObject+SRJSON.m"; sourceTree = "<group>"; };
		932268D91A899A0600BC57E2 /* SRDeserializable.h */ = {isa = PBXFileReference; fileEncoding = 4; lastKnownFileType = sourcecode.c.h; path = SRDeserializable.h; sourceTree = "<group>"; };
		932268DA1A899A0600BC57E2 /* SRExceptionHelper.h */ = {isa = PBXFileReference; fileEncoding = 4; lastKnownFileType = sourcecode.c.h; path = SRExceptionHelper.h; sourceTree = "<group>"; };
		932268DB1A899A0600BC57E2 /* SRExceptionHelper.m */ = {isa = PBXFileReference; fileEncoding = 4; lastKnownFileType = sourcecode.c.objc; path = SRExceptionHelper.m; sourceTree = "<group>"; };
		932268DC1A899A0600BC57E2 /* SRSerializable.h */ = {isa = PBXFileReference; fileEncoding = 4; lastKnownFileType = sourcecode.c.h; path = SRSerializable.h; sourceTree = "<group>"; };
		932268DD1A899A0600BC57E2 /* SRVersion.h */ = {isa = PBXFileReference; fileEncoding = 4; lastKnownFileType = sourcecode.c.h; path = SRVersion.h; sourceTree = "<group>"; };
		932268DE1A899A0600BC57E2 /* SRVersion.m */ = {isa = PBXFileReference; fileEncoding = 4; lastKnownFileType = sourcecode.c.objc; path = SRVersion.m; sourceTree = "<group>"; };
		932268DF1A899A0600BC57E2 /* SignalR.h */ = {isa = PBXFileReference; fileEncoding = 4; lastKnownFileType = sourcecode.c.h; path = SignalR.h; sourceTree = "<group>"; };
		932268E01A899A0600BC57E2 /* SRConnection.h */ = {isa = PBXFileReference; fileEncoding = 4; lastKnownFileType = sourcecode.c.h; path = SRConnection.h; sourceTree = "<group>"; };
		932268E11A899A0600BC57E2 /* SRConnection.m */ = {isa = PBXFileReference; fileEncoding = 4; lastKnownFileType = sourcecode.c.objc; path = SRConnection.m; sourceTree = "<group>"; };
		932268E21A899A0600BC57E2 /* SRConnectionDelegate.h */ = {isa = PBXFileReference; fileEncoding = 4; lastKnownFileType = sourcecode.c.h; path = SRConnectionDelegate.h; sourceTree = "<group>"; };
		932268E31A899A0600BC57E2 /* SRConnectionExtensions.h */ = {isa = PBXFileReference; fileEncoding = 4; lastKnownFileType = sourcecode.c.h; path = SRConnectionExtensions.h; sourceTree = "<group>"; };
		932268E41A899A0600BC57E2 /* SRConnectionExtensions.m */ = {isa = PBXFileReference; fileEncoding = 4; lastKnownFileType = sourcecode.c.objc; path = SRConnectionExtensions.m; sourceTree = "<group>"; };
		932268E51A899A0600BC57E2 /* SRConnectionInterface.h */ = {isa = PBXFileReference; fileEncoding = 4; lastKnownFileType = sourcecode.c.h; path = SRConnectionInterface.h; sourceTree = "<group>"; };
		932268E61A899A0600BC57E2 /* SRConnectionState.h */ = {isa = PBXFileReference; fileEncoding = 4; lastKnownFileType = sourcecode.c.h; path = SRConnectionState.h; sourceTree = "<group>"; };
		932268E71A899A0600BC57E2 /* SRHeartbeatMonitor.h */ = {isa = PBXFileReference; fileEncoding = 4; lastKnownFileType = sourcecode.c.h; path = SRHeartbeatMonitor.h; sourceTree = "<group>"; };
		932268E81A899A0600BC57E2 /* SRHeartbeatMonitor.m */ = {isa = PBXFileReference; fileEncoding = 4; lastKnownFileType = sourcecode.c.objc; path = SRHeartbeatMonitor.m; sourceTree = "<group>"; };
		932268E91A899A0600BC57E2 /* SRKeepAliveData.h */ = {isa = PBXFileReference; fileEncoding = 4; lastKnownFileType = sourcecode.c.h; path = SRKeepAliveData.h; sourceTree = "<group>"; };
		932268EA1A899A0600BC57E2 /* SRKeepAliveData.m */ = {isa = PBXFileReference; fileEncoding = 4; lastKnownFileType = sourcecode.c.objc; path = SRKeepAliveData.m; sourceTree = "<group>"; };
		932268EB1A899A0600BC57E2 /* SRLog.h */ = {isa = PBXFileReference; fileEncoding = 4; lastKnownFileType = sourcecode.c.h; path = SRLog.h; sourceTree = "<group>"; };
		932268EC1A899A0600BC57E2 /* SRNegotiationResponse.h */ = {isa = PBXFileReference; fileEncoding = 4; lastKnownFileType = sourcecode.c.h; path = SRNegotiationResponse.h; sourceTree = "<group>"; };
		932268ED1A899A0600BC57E2 /* SRNegotiationResponse.m */ = {isa = PBXFileReference; fileEncoding = 4; lastKnownFileType = sourcecode.c.objc; path = SRNegotiationResponse.m; sourceTree = "<group>"; };
		932268F01A899A0600BC57E2 /* SRChunkBuffer.h */ = {isa = PBXFileReference; fileEncoding = 4; lastKnownFileType = sourcecode.c.h; path = SRChunkBuffer.h; sourceTree = "<group>"; };
		932268F11A899A0600BC57E2 /* SRChunkBuffer.m */ = {isa = PBXFileReference; fileEncoding = 4; lastKnownFileType = sourcecode.c.objc; path = SRChunkBuffer.m; sourceTree = "<group>"; };
		932268F21A899A0600BC57E2 /* SREventSourceStreamReader.h */ = {isa = PBXFileReference; fileEncoding = 4; lastKnownFileType = sourcecode.c.h; path = SREventSourceStreamReader.h; sourceTree = "<group>"; };
		932268F31A899A0600BC57E2 /* SREventSourceStreamReader.m */ = {isa = PBXFileReference; fileEncoding = 4; lastKnownFileType = sourcecode.c.objc; path = SREventSourceStreamReader.m; sourceTree = "<group>"; };
		932268F41A899A0600BC57E2 /* SRServerSentEvent.h */ = {isa = PBXFileReference; fileEncoding = 4; lastKnownFileType = sourcecode.c.h; path = SRServerSentEvent.h; sourceTree = "<group>"; };
		932268F51A899A0600BC57E2 /* SRServerSentEvent.m */ = {isa = PBXFileReference; fileEncoding = 4; lastKnownFileType = sourcecode.c.objc; path = SRServerSentEvent.m; sourceTree = "<group>"; };
		932268F61A899A0600BC57E2 /* SRAutoTransport.h */ = {isa = PBXFileReference; fileEncoding = 4; lastKnownFileType = sourcecode.c.h; path = SRAutoTransport.h; sourceTree = "<group>"; };
		932268F71A899A0600BC57E2 /* SRAutoTransport.m */ = {isa = PBXFileReference; fileEncoding = 4; lastKnownFileType = sourcecode.c.objc; path = SRAutoTransport.m; sourceTree = "<group>"; };
		932268F81A899A0600BC57E2 /* SRClientTransportInterface.h */ = {isa = PBXFileReference; fileEncoding = 4; lastKnownFileType = sourcecode.c.h; path = SRClientTransportInterface.h; sourceTree = "<group>"; };
		932268F91A899A0600BC57E2 /* SRHttpBasedTransport.h */ = {isa = PBXFileReference; fileEncoding = 4; lastKnownFileType = sourcecode.c.h; path = SRHttpBasedTransport.h; sourceTree = "<group>"; };
		932268FA1A899A0600BC57E2 /* SRHttpBasedTransport.m */ = {isa = PBXFileReference; fileEncoding = 4; lastKnownFileType = sourcecode.c.objc; path = SRHttpBasedTransport.m; sourceTree = "<group>"; };
		932268FB1A899A0600BC57E2 /* SRLongPollingTransport.h */ = {isa = PBXFileReference; fileEncoding = 4; lastKnownFileType = sourcecode.c.h; path = SRLongPollingTransport.h; sourceTree = "<group>"; };
		932268FC1A899A0600BC57E2 /* SRLongPollingTransport.m */ = {isa = PBXFileReference; fileEncoding = 4; lastKnownFileType = sourcecode.c.objc; path = SRLongPollingTransport.m; sourceTree = "<group>"; };
		932268FD1A899A0600BC57E2 /* SRServerSentEventsTransport.h */ = {isa = PBXFileReference; fileEncoding = 4; lastKnownFileType = sourcecode.c.h; path = SRServerSentEventsTransport.h; sourceTree = "<group>"; };
		932268FE1A899A0600BC57E2 /* SRServerSentEventsTransport.m */ = {isa = PBXFileReference; fileEncoding = 4; lastKnownFileType = sourcecode.c.objc; path = SRServerSentEventsTransport.m; sourceTree = "<group>"; };
		932268FF1A899A0600BC57E2 /* SRWebSocketTransport.h */ = {isa = PBXFileReference; fileEncoding = 4; lastKnownFileType = sourcecode.c.h; path = SRWebSocketTransport.h; sourceTree = "<group>"; };
		932269001A899A0600BC57E2 /* SRWebSocketTransport.m */ = {isa = PBXFileReference; fileEncoding = 4; lastKnownFileType = sourcecode.c.objc; path = SRWebSocketTransport.m; sourceTree = "<group>"; };
		932269021A899A0600BC57E2 /* SRWebSocketConnectionInfo.h */ = {isa = PBXFileReference; fileEncoding = 4; lastKnownFileType = sourcecode.c.h; path = SRWebSocketConnectionInfo.h; sourceTree = "<group>"; };
		932269031A899A0600BC57E2 /* SRWebSocketConnectionInfo.m */ = {isa = PBXFileReference; fileEncoding = 4; lastKnownFileType = sourcecode.c.objc; path = SRWebSocketConnectionInfo.m; sourceTree = "<group>"; };
		934745681A7360CA00822A5D /* libicucore.dylib */ = {isa = PBXFileReference; lastKnownFileType = "compiled.mach-o.dylib"; name = libicucore.dylib; path = usr/lib/libicucore.dylib; sourceTree = SDKROOT; };
		9347456B1A7778AE00822A5D /* SRAutoTransportSpec.m */ = {isa = PBXFileReference; fileEncoding = 4; lastKnownFileType = sourcecode.c.objc; name = SRAutoTransportSpec.m; path = Transports/SRAutoTransportSpec.m; sourceTree = "<group>"; };
		936F0A0B1A70F0A000FD20B7 /* SRWebSocketTransportSpec.m */ = {isa = PBXFileReference; fileEncoding = 4; lastKnownFileType = sourcecode.c.objc; name = SRWebSocketTransportSpec.m; path = Transports/SRWebSocketTransportSpec.m; sourceTree = "<group>"; };
		937775A51A8A1842000312A5 /* TestNetworking.h */ = {isa = PBXFileReference; fileEncoding = 4; lastKnownFileType = sourcecode.c.h; path = TestNetworking.h; sourceTree = "<group>"; };
		937775A61A8A1842000312A5 /* TestNetworking.m */ = {isa = PBXFileReference; fileEncoding = 4; lastKnownFileType = sourcecode.c.objc; path = TestNetworking.m; sourceTree = "<group>"; };
		937775A81A8A2CE6000312A5 /* SRConnectionSpec.m */ = {isa = PBXFileReference; fileEncoding = 4; lastKnownFileType = sourcecode.c.objc; path = SRConnectionSpec.m; sourceTree = "<group>"; };
		93E18E071A70EAE0008DD86A /* libSignalRClientObjC.a */ = {isa = PBXFileReference; explicitFileType = archive.ar; includeInIndex = 0; path = libSignalRClientObjC.a; sourceTree = BUILT_PRODUCTS_DIR; };
		93E18E121A70EAE0008DD86A /* SignalRClientObjCTests.xctest */ = {isa = PBXFileReference; explicitFileType = wrapper.cfbundle; includeInIndex = 0; path = SignalRClientObjCTests.xctest; sourceTree = BUILT_PRODUCTS_DIR; };
		93E18E181A70EAE0008DD86A /* Info.plist */ = {isa = PBXFileReference; lastKnownFileType = text.plist.xml; path = Info.plist; sourceTree = "<group>"; };
		AB34E7049B08B0E3004BEE9B /* Pods-SignalRClientObjCTests.release.xcconfig */ = {isa = PBXFileReference; includeInIndex = 1; lastKnownFileType = text.xcconfig; name = "Pods-SignalRClientObjCTests.release.xcconfig"; path = "Pods/Target Support Files/Pods-SignalRClientObjCTests/Pods-SignalRClientObjCTests.release.xcconfig"; sourceTree = "<group>"; };
		BA794364A0D7E2476ED4134B /* libPods.a */ = {isa = PBXFileReference; explicitFileType = archive.ar; includeInIndex = 0; path = libPods.a; sourceTree = BUILT_PRODUCTS_DIR; };
		BABBF4761719FF2D855053F0 /* Pods.release.xcconfig */ = {isa = PBXFileReference; includeInIndex = 1; lastKnownFileType = text.xcconfig; name = Pods.release.xcconfig; path = "Pods/Target Support Files/Pods/Pods.release.xcconfig"; sourceTree = "<group>"; };
		F2BCD9213884E93EC1567D75 /* libPods-SignalRClientObjCTests.a */ = {isa = PBXFileReference; explicitFileType = archive.ar; includeInIndex = 0; path = "libPods-SignalRClientObjCTests.a"; sourceTree = BUILT_PRODUCTS_DIR; };
/* End PBXFileReference section */

/* Begin PBXFrameworksBuildPhase section */
		93E18E041A70EAE0008DD86A /* Frameworks */ = {
			isa = PBXFrameworksBuildPhase;
			buildActionMask = 2147483647;
			files = (
				932268851A88FCC900BC57E2 /* libPods.a in Frameworks */,
				934745691A7360CA00822A5D /* libicucore.dylib in Frameworks */,
			);
			runOnlyForDeploymentPostprocessing = 0;
		};
		93E18E0F1A70EAE0008DD86A /* Frameworks */ = {
			isa = PBXFrameworksBuildPhase;
			buildActionMask = 2147483647;
			files = (
				9347456A1A7372D700822A5D /* libicucore.dylib in Frameworks */,
				93E18E131A70EAE0008DD86A /* libSignalRClientObjC.a in Frameworks */,
				384DFB71151023C9A3969FB2 /* libPods-SignalRClientObjCTests.a in Frameworks */,
			);
			runOnlyForDeploymentPostprocessing = 0;
		};
/* End PBXFrameworksBuildPhase section */

/* Begin PBXGroup section */
		527B574959A370A30A2ECC7C /* Pods */ = {
			isa = PBXGroup;
			children = (
				29209B79725ED7ACBE4B91A4 /* Pods.debug.xcconfig */,
				BABBF4761719FF2D855053F0 /* Pods.release.xcconfig */,
				280452D851E055063089A1B8 /* Pods-SignalRClientObjCTests.debug.xcconfig */,
				AB34E7049B08B0E3004BEE9B /* Pods-SignalRClientObjCTests.release.xcconfig */,
			);
			name = Pods;
			sourceTree = "<group>";
		};
		932268BE1A899A0600BC57E2 /* Hubs */ = {
			isa = PBXGroup;
			children = (
				932268BF1A899A0600BC57E2 /* SRHubConnection.h */,
				932268C01A899A0600BC57E2 /* SRHubConnection.m */,
				932268C11A899A0600BC57E2 /* SRHubConnectionInterface.h */,
				932268C21A899A0600BC57E2 /* SRHubInvocation.h */,
				932268C31A899A0600BC57E2 /* SRHubInvocation.m */,
				932268C41A899A0600BC57E2 /* SRHubProxy.h */,
				932268C51A899A0600BC57E2 /* SRHubProxy.m */,
				932268C61A899A0600BC57E2 /* SRHubProxyExtensions.h */,
				932268C71A899A0600BC57E2 /* SRHubProxyExtensions.m */,
				932268C81A899A0600BC57E2 /* SRHubProxyInterface.h */,
				932268C91A899A0600BC57E2 /* SRHubRegistrationData.h */,
				932268CA1A899A0600BC57E2 /* SRHubRegistrationData.m */,
				932268CB1A899A0600BC57E2 /* SRHubResult.h */,
				932268CC1A899A0600BC57E2 /* SRHubResult.m */,
				932268CD1A899A0600BC57E2 /* SRHubs.h */,
				932268CE1A899A0600BC57E2 /* SRHubservable.h */,
				932268CF1A899A0600BC57E2 /* SRHubservable.m */,
				932268D01A899A0600BC57E2 /* SRSubscription.h */,
				932268D11A899A0600BC57E2 /* SRSubscription.m */,
			);
			path = Hubs;
			sourceTree = "<group>";
		};
		932268D21A899A0600BC57E2 /* Infrastructure */ = {
			isa = PBXGroup;
			children = (
				932268D31A899A0600BC57E2 /* Networking */,
				932268D71A899A0600BC57E2 /* NSObject+SRJSON.h */,
				932268D81A899A0600BC57E2 /* NSObject+SRJSON.m */,
				932268D91A899A0600BC57E2 /* SRDeserializable.h */,
				932268DA1A899A0600BC57E2 /* SRExceptionHelper.h */,
				932268DB1A899A0600BC57E2 /* SRExceptionHelper.m */,
				932268DC1A899A0600BC57E2 /* SRSerializable.h */,
				932268DD1A899A0600BC57E2 /* SRVersion.h */,
				932268DE1A899A0600BC57E2 /* SRVersion.m */,
			);
			path = Infrastructure;
			sourceTree = "<group>";
		};
		932268D31A899A0600BC57E2 /* Networking */ = {
			isa = PBXGroup;
			children = (
				932268D41A899A0600BC57E2 /* SignalRAFNetworking.h */,
				932268D51A899A0600BC57E2 /* SignalRAFNetworking.m */,
				932268D61A899A0600BC57E2 /* SignalRNetworking.h */,
			);
			path = Networking;
			sourceTree = "<group>";
		};
		932268EE1A899A0600BC57E2 /* Transports */ = {
			isa = PBXGroup;
			children = (
				932268EF1A899A0600BC57E2 /* ServerSentEvents */,
				932268F61A899A0600BC57E2 /* SRAutoTransport.h */,
				932268F71A899A0600BC57E2 /* SRAutoTransport.m */,
				932268F81A899A0600BC57E2 /* SRClientTransportInterface.h */,
				932268F91A899A0600BC57E2 /* SRHttpBasedTransport.h */,
				932268FA1A899A0600BC57E2 /* SRHttpBasedTransport.m */,
				932268FB1A899A0600BC57E2 /* SRLongPollingTransport.h */,
				932268FC1A899A0600BC57E2 /* SRLongPollingTransport.m */,
				932268FD1A899A0600BC57E2 /* SRServerSentEventsTransport.h */,
				932268FE1A899A0600BC57E2 /* SRServerSentEventsTransport.m */,
				932268FF1A899A0600BC57E2 /* SRWebSocketTransport.h */,
				932269001A899A0600BC57E2 /* SRWebSocketTransport.m */,
				932269011A899A0600BC57E2 /* WebSockets */,
			);
			path = Transports;
			sourceTree = "<group>";
		};
		932268EF1A899A0600BC57E2 /* ServerSentEvents */ = {
			isa = PBXGroup;
			children = (
				932268F01A899A0600BC57E2 /* SRChunkBuffer.h */,
				932268F11A899A0600BC57E2 /* SRChunkBuffer.m */,
				932268F21A899A0600BC57E2 /* SREventSourceStreamReader.h */,
				932268F31A899A0600BC57E2 /* SREventSourceStreamReader.m */,
				932268F41A899A0600BC57E2 /* SRServerSentEvent.h */,
				932268F51A899A0600BC57E2 /* SRServerSentEvent.m */,
			);
			path = ServerSentEvents;
			sourceTree = "<group>";
		};
		932269011A899A0600BC57E2 /* WebSockets */ = {
			isa = PBXGroup;
			children = (
				932269021A899A0600BC57E2 /* SRWebSocketConnectionInfo.h */,
				932269031A899A0600BC57E2 /* SRWebSocketConnectionInfo.m */,
			);
			path = WebSockets;
			sourceTree = "<group>";
		};
		936F0A0A1A70F08200FD20B7 /* Transports */ = {
			isa = PBXGroup;
			children = (
				936F0A0B1A70F0A000FD20B7 /* SRWebSocketTransportSpec.m */,
				9347456B1A7778AE00822A5D /* SRAutoTransportSpec.m */,
				9322684F1A7FC34E00BC57E2 /* SRLongPollingTransportSpec.m */,
				932268511A7FC43C00BC57E2 /* SRServerSentEventsTransportSpec.m */,
				932268531A83A59000BC57E2 /* SRHttpBasedTransportSpec.m */,
			);
			name = Transports;
			sourceTree = "<group>";
		};
		93E18DFE1A70EAE0008DD86A = {
			isa = PBXGroup;
			children = (
				93E18E091A70EAE0008DD86A /* SignalRClientObjC */,
				93E18E161A70EAE0008DD86A /* SignalRClientObjCTests */,
				93E18E081A70EAE0008DD86A /* Products */,
				527B574959A370A30A2ECC7C /* Pods */,
				E382763F42479C4B4AD8867B /* Frameworks */,
			);
			sourceTree = "<group>";
		};
		93E18E081A70EAE0008DD86A /* Products */ = {
			isa = PBXGroup;
			children = (
				93E18E071A70EAE0008DD86A /* libSignalRClientObjC.a */,
				93E18E121A70EAE0008DD86A /* SignalRClientObjCTests.xctest */,
			);
			name = Products;
			sourceTree = "<group>";
		};
		93E18E091A70EAE0008DD86A /* SignalRClientObjC */ = {
			isa = PBXGroup;
			children = (
				932268BE1A899A0600BC57E2 /* Hubs */,
				932268D21A899A0600BC57E2 /* Infrastructure */,
				932268DF1A899A0600BC57E2 /* SignalR.h */,
				932268E01A899A0600BC57E2 /* SRConnection.h */,
				932268E11A899A0600BC57E2 /* SRConnection.m */,
				932268E21A899A0600BC57E2 /* SRConnectionDelegate.h */,
				932268E31A899A0600BC57E2 /* SRConnectionExtensions.h */,
				932268E41A899A0600BC57E2 /* SRConnectionExtensions.m */,
				932268E51A899A0600BC57E2 /* SRConnectionInterface.h */,
				932268E61A899A0600BC57E2 /* SRConnectionState.h */,
				932268E71A899A0600BC57E2 /* SRHeartbeatMonitor.h */,
				932268E81A899A0600BC57E2 /* SRHeartbeatMonitor.m */,
				932268E91A899A0600BC57E2 /* SRKeepAliveData.h */,
				932268EA1A899A0600BC57E2 /* SRKeepAliveData.m */,
				932268EB1A899A0600BC57E2 /* SRLog.h */,
				932268EC1A899A0600BC57E2 /* SRNegotiationResponse.h */,
				932268ED1A899A0600BC57E2 /* SRNegotiationResponse.m */,
				932268EE1A899A0600BC57E2 /* Transports */,
			);
			path = SignalRClientObjC;
			sourceTree = "<group>";
		};
		93E18E161A70EAE0008DD86A /* SignalRClientObjCTests */ = {
			isa = PBXGroup;
			children = (
				936F0A0A1A70F08200FD20B7 /* Transports */,
				93E18E171A70EAE0008DD86A /* Supporting Files */,
				932268451A7FB20700BC57E2 /* SignalRNetworkingSpec.m */,
				9322684C1A7FBE8E00BC57E2 /* TestHelpers.m */,
				9322684E1A7FBF9500BC57E2 /* TestHelpers.h */,
				932268551A8513EC00BC57E2 /* SignalRAFNetworkingTest.m */,
				937775A51A8A1842000312A5 /* TestNetworking.h */,
				937775A61A8A1842000312A5 /* TestNetworking.m */,
				937775A81A8A2CE6000312A5 /* SRConnectionSpec.m */,
			);
			path = SignalRClientObjCTests;
			sourceTree = "<group>";
		};
		93E18E171A70EAE0008DD86A /* Supporting Files */ = {
			isa = PBXGroup;
			children = (
				93E18E181A70EAE0008DD86A /* Info.plist */,
			);
			name = "Supporting Files";
			sourceTree = "<group>";
		};
		E382763F42479C4B4AD8867B /* Frameworks */ = {
			isa = PBXGroup;
			children = (
				932268841A88FCC900BC57E2 /* libPods.a */,
				934745681A7360CA00822A5D /* libicucore.dylib */,
				BA794364A0D7E2476ED4134B /* libPods.a */,
				F2BCD9213884E93EC1567D75 /* libPods-SignalRClientObjCTests.a */,
			);
			name = Frameworks;
			sourceTree = "<group>";
		};
/* End PBXGroup section */

/* Begin PBXHeadersBuildPhase section */
		9322685C1A88FC3700BC57E2 /* Headers */ = {
			isa = PBXHeadersBuildPhase;
			buildActionMask = 2147483647;
			files = (
				932269131A899A0600BC57E2 /* SRHubservable.h in Headers */,
				932269351A899A0600BC57E2 /* SRServerSentEvent.h in Headers */,
				9322693A1A899A0600BC57E2 /* SRHttpBasedTransport.h in Headers */,
				932269201A899A0600BC57E2 /* SRVersion.h in Headers */,
				932269261A899A0600BC57E2 /* SRConnectionExtensions.h in Headers */,
				932269061A899A0600BC57E2 /* SRHubConnectionInterface.h in Headers */,
				932269091A899A0600BC57E2 /* SRHubProxy.h in Headers */,
				9322693E1A899A0600BC57E2 /* SRServerSentEventsTransport.h in Headers */,
				932269071A899A0600BC57E2 /* SRHubInvocation.h in Headers */,
				9322691F1A899A0600BC57E2 /* SRSerializable.h in Headers */,
				932269171A899A0600BC57E2 /* SignalRAFNetworking.h in Headers */,
				932269421A899A0600BC57E2 /* SRWebSocketConnectionInfo.h in Headers */,
				932269151A899A0600BC57E2 /* SRSubscription.h in Headers */,
				932269331A899A0600BC57E2 /* SREventSourceStreamReader.h in Headers */,
				9322692A1A899A0600BC57E2 /* SRHeartbeatMonitor.h in Headers */,
				9322691D1A899A0600BC57E2 /* SRExceptionHelper.h in Headers */,
				932269101A899A0600BC57E2 /* SRHubResult.h in Headers */,
				9322690D1A899A0600BC57E2 /* SRHubProxyInterface.h in Headers */,
				932268831A88FC5400BC57E2 /* TestHelpers.h in Headers */,
				9322693C1A899A0600BC57E2 /* SRLongPollingTransport.h in Headers */,
				932269401A899A0600BC57E2 /* SRWebSocketTransport.h in Headers */,
				9322692F1A899A0600BC57E2 /* SRNegotiationResponse.h in Headers */,
				932269191A899A0600BC57E2 /* SignalRNetworking.h in Headers */,
				9322691A1A899A0600BC57E2 /* NSObject+SRJSON.h in Headers */,
				9322692E1A899A0600BC57E2 /* SRLog.h in Headers */,
				932269391A899A0600BC57E2 /* SRClientTransportInterface.h in Headers */,
				9322690B1A899A0600BC57E2 /* SRHubProxyExtensions.h in Headers */,
				9322690E1A899A0600BC57E2 /* SRHubRegistrationData.h in Headers */,
				9322692C1A899A0600BC57E2 /* SRKeepAliveData.h in Headers */,
				932269371A899A0600BC57E2 /* SRAutoTransport.h in Headers */,
				9322691C1A899A0600BC57E2 /* SRDeserializable.h in Headers */,
				932269041A899A0600BC57E2 /* SRHubConnection.h in Headers */,
				932269281A899A0600BC57E2 /* SRConnectionInterface.h in Headers */,
				932269121A899A0600BC57E2 /* SRHubs.h in Headers */,
				932269291A899A0600BC57E2 /* SRConnectionState.h in Headers */,
				932269221A899A0600BC57E2 /* SignalR.h in Headers */,
				932269251A899A0600BC57E2 /* SRConnectionDelegate.h in Headers */,
				932269231A899A0600BC57E2 /* SRConnection.h in Headers */,
				932269311A899A0600BC57E2 /* SRChunkBuffer.h in Headers */,
			);
			runOnlyForDeploymentPostprocessing = 0;
		};
/* End PBXHeadersBuildPhase section */

/* Begin PBXNativeTarget section */
		93E18E061A70EAE0008DD86A /* SignalRClientObjC */ = {
			isa = PBXNativeTarget;
			buildConfigurationList = 93E18E1B1A70EAE0008DD86A /* Build configuration list for PBXNativeTarget "SignalRClientObjC" */;
			buildPhases = (
				3D22D54A2AE54E129D0ED407 /* Check Pods Manifest.lock */,
				93E18E031A70EAE0008DD86A /* Sources */,
				93E18E041A70EAE0008DD86A /* Frameworks */,
				93E18E051A70EAE0008DD86A /* CopyFiles */,
				37C357249BC642D3BD4750CF /* Copy Pods Resources */,
				9322685C1A88FC3700BC57E2 /* Headers */,
			);
			buildRules = (
			);
			dependencies = (
			);
			name = SignalRClientObjC;
			productName = SignalRClientObjC;
			productReference = 93E18E071A70EAE0008DD86A /* libSignalRClientObjC.a */;
			productType = "com.apple.product-type.library.static";
		};
		93E18E111A70EAE0008DD86A /* SignalRClientObjCTests */ = {
			isa = PBXNativeTarget;
			buildConfigurationList = 93E18E1E1A70EAE0008DD86A /* Build configuration list for PBXNativeTarget "SignalRClientObjCTests" */;
			buildPhases = (
				EB5983AA6C07F66B67D92BF4 /* Check Pods Manifest.lock */,
				93E18E0E1A70EAE0008DD86A /* Sources */,
				93E18E0F1A70EAE0008DD86A /* Frameworks */,
				93E18E101A70EAE0008DD86A /* Resources */,
				00270E0D9C2650976C0A20A4 /* Copy Pods Resources */,
			);
			buildRules = (
			);
			dependencies = (
				93E18E151A70EAE0008DD86A /* PBXTargetDependency */,
			);
			name = SignalRClientObjCTests;
			productName = SignalRClientObjCTests;
			productReference = 93E18E121A70EAE0008DD86A /* SignalRClientObjCTests.xctest */;
			productType = "com.apple.product-type.bundle.unit-test";
		};
/* End PBXNativeTarget section */

/* Begin PBXProject section */
		93E18DFF1A70EAE0008DD86A /* Project object */ = {
			isa = PBXProject;
			attributes = {
				LastUpgradeCheck = 0610;
				ORGANIZATIONNAME = SignalR;
				TargetAttributes = {
					932268571A88F94400BC57E2 = {
						CreatedOnToolsVersion = 6.1;
					};
					93E18E061A70EAE0008DD86A = {
						CreatedOnToolsVersion = 6.1;
					};
					93E18E111A70EAE0008DD86A = {
						CreatedOnToolsVersion = 6.1;
					};
				};
			};
			buildConfigurationList = 93E18E021A70EAE0008DD86A /* Build configuration list for PBXProject "SignalRClientObjC" */;
			compatibilityVersion = "Xcode 3.2";
			developmentRegion = English;
			hasScannedForEncodings = 0;
			knownRegions = (
				en,
			);
			mainGroup = 93E18DFE1A70EAE0008DD86A;
			productRefGroup = 93E18E081A70EAE0008DD86A /* Products */;
			projectDirPath = "";
			projectRoot = "";
			targets = (
				93E18E061A70EAE0008DD86A /* SignalRClientObjC */,
				93E18E111A70EAE0008DD86A /* SignalRClientObjCTests */,
				932268571A88F94400BC57E2 /* UniversalLib */,
			);
		};
/* End PBXProject section */

/* Begin PBXResourcesBuildPhase section */
		93E18E101A70EAE0008DD86A /* Resources */ = {
			isa = PBXResourcesBuildPhase;
			buildActionMask = 2147483647;
			files = (
			);
			runOnlyForDeploymentPostprocessing = 0;
		};
/* End PBXResourcesBuildPhase section */

/* Begin PBXShellScriptBuildPhase section */
		00270E0D9C2650976C0A20A4 /* Copy Pods Resources */ = {
			isa = PBXShellScriptBuildPhase;
			buildActionMask = 2147483647;
			files = (
			);
			inputPaths = (
			);
			name = "Copy Pods Resources";
			outputPaths = (
			);
			runOnlyForDeploymentPostprocessing = 0;
			shellPath = /bin/sh;
			shellScript = "\"${SRCROOT}/Pods/Target Support Files/Pods-SignalRClientObjCTests/Pods-SignalRClientObjCTests-resources.sh\"\n";
			showEnvVarsInLog = 0;
		};
		37C357249BC642D3BD4750CF /* Copy Pods Resources */ = {
			isa = PBXShellScriptBuildPhase;
			buildActionMask = 2147483647;
			files = (
			);
			inputPaths = (
			);
			name = "Copy Pods Resources";
			outputPaths = (
			);
			runOnlyForDeploymentPostprocessing = 0;
			shellPath = /bin/sh;
			shellScript = "\"${SRCROOT}/Pods/Target Support Files/Pods/Pods-resources.sh\"\n";
			showEnvVarsInLog = 0;
		};
		3D22D54A2AE54E129D0ED407 /* Check Pods Manifest.lock */ = {
			isa = PBXShellScriptBuildPhase;
			buildActionMask = 2147483647;
			files = (
			);
			inputPaths = (
			);
			name = "Check Pods Manifest.lock";
			outputPaths = (
			);
			runOnlyForDeploymentPostprocessing = 0;
			shellPath = /bin/sh;
			shellScript = "diff \"${PODS_ROOT}/../Podfile.lock\" \"${PODS_ROOT}/Manifest.lock\" > /dev/null\nif [[ $? != 0 ]] ; then\n    cat << EOM\nerror: The sandbox is not in sync with the Podfile.lock. Run 'pod install' or update your CocoaPods installation.\nEOM\n    exit 1\nfi\n";
			showEnvVarsInLog = 0;
		};
		9322685B1A88F97200BC57E2 /* ShellScript */ = {
			isa = PBXShellScriptBuildPhase;
			buildActionMask = 2147483647;
			files = (
			);
			inputPaths = (
			);
			outputPaths = (
			);
			runOnlyForDeploymentPostprocessing = 0;
			shellPath = /bin/sh;
			shellScript = "# define output folder environment variable\nUNIVERSAL_OUTPUTFOLDER=${BUILD_DIR}/${CONFIGURATION}-universal\n\n# Step 1. Build Device and Simulator versions\nxcodebuild -target ${PROJECT_NAME} ONLY_ACTIVE_ARCH=NO -configuration ${CONFIGURATION} -sdk iphoneos  BUILD_DIR=\"${BUILD_DIR}\" BUILD_ROOT=\"${BUILD_ROOT}\"\nxcodebuild -target ${PROJECT_NAME} -configuration ${CONFIGURATION} -sdk iphonesimulator -arch i386 BUILD_DIR=\"${BUILD_DIR}\" BUILD_ROOT=\"${BUILD_ROOT}\"\n\n# make sure the output directory exists\nmkdir -p \"${UNIVERSAL_OUTPUTFOLDER}\"\n\n# Step 2. Create universal binary file using lipo\nlipo -create -output \"${UNIVERSAL_OUTPUTFOLDER}/lib${PROJECT_NAME}.a\" \"${BUILD_DIR}/${CONFIGURATION}-iphoneos/lib${PROJECT_NAME}.a\" \"${BUILD_DIR}/${CONFIGURATION}-iphonesimulator/lib${PROJECT_NAME}.a\"\n\n# Last touch. copy the header files. Just for convenience\ncp -R \"${BUILD_DIR}/${CONFIGURATION}-iphoneos/include\" \"${UNIVERSAL_OUTPUTFOLDER}/\"";
		};
		EB5983AA6C07F66B67D92BF4 /* Check Pods Manifest.lock */ = {
			isa = PBXShellScriptBuildPhase;
			buildActionMask = 2147483647;
			files = (
			);
			inputPaths = (
			);
			name = "Check Pods Manifest.lock";
			outputPaths = (
			);
			runOnlyForDeploymentPostprocessing = 0;
			shellPath = /bin/sh;
			shellScript = "diff \"${PODS_ROOT}/../Podfile.lock\" \"${PODS_ROOT}/Manifest.lock\" > /dev/null\nif [[ $? != 0 ]] ; then\n    cat << EOM\nerror: The sandbox is not in sync with the Podfile.lock. Run 'pod install' or update your CocoaPods installation.\nEOM\n    exit 1\nfi\n";
			showEnvVarsInLog = 0;
		};
/* End PBXShellScriptBuildPhase section */

/* Begin PBXSourcesBuildPhase section */
		93E18E031A70EAE0008DD86A /* Sources */ = {
			isa = PBXSourcesBuildPhase;
			buildActionMask = 2147483647;
			files = (
				9322692B1A899A0600BC57E2 /* SRHeartbeatMonitor.m in Sources */,
				9322692D1A899A0600BC57E2 /* SRKeepAliveData.m in Sources */,
				9322691B1A899A0600BC57E2 /* NSObject+SRJSON.m in Sources */,
				932269241A899A0600BC57E2 /* SRConnection.m in Sources */,
				932269431A899A0600BC57E2 /* SRWebSocketConnectionInfo.m in Sources */,
				9322691E1A899A0600BC57E2 /* SRExceptionHelper.m in Sources */,
				932269141A899A0600BC57E2 /* SRHubservable.m in Sources */,
				9322693B1A899A0600BC57E2 /* SRHttpBasedTransport.m in Sources */,
				9322690A1A899A0600BC57E2 /* SRHubProxy.m in Sources */,
				932269341A899A0600BC57E2 /* SREventSourceStreamReader.m in Sources */,
				932269081A899A0600BC57E2 /* SRHubInvocation.m in Sources */,
				932269051A899A0600BC57E2 /* SRHubConnection.m in Sources */,
				932269111A899A0600BC57E2 /* SRHubResult.m in Sources */,
				932269381A899A0600BC57E2 /* SRAutoTransport.m in Sources */,
				932269271A899A0600BC57E2 /* SRConnectionExtensions.m in Sources */,
				932269161A899A0600BC57E2 /* SRSubscription.m in Sources */,
				9322690C1A899A0600BC57E2 /* SRHubProxyExtensions.m in Sources */,
				9322693F1A899A0600BC57E2 /* SRServerSentEventsTransport.m in Sources */,
				932269361A899A0600BC57E2 /* SRServerSentEvent.m in Sources */,
				932269301A899A0600BC57E2 /* SRNegotiationResponse.m in Sources */,
				932269321A899A0600BC57E2 /* SRChunkBuffer.m in Sources */,
				932269211A899A0600BC57E2 /* SRVersion.m in Sources */,
				932269181A899A0600BC57E2 /* SignalRAFNetworking.m in Sources */,
				9322690F1A899A0600BC57E2 /* SRHubRegistrationData.m in Sources */,
				932269411A899A0600BC57E2 /* SRWebSocketTransport.m in Sources */,
				9322693D1A899A0600BC57E2 /* SRLongPollingTransport.m in Sources */,
			);
			runOnlyForDeploymentPostprocessing = 0;
		};
		93E18E0E1A70EAE0008DD86A /* Sources */ = {
			isa = PBXSourcesBuildPhase;
			buildActionMask = 2147483647;
			files = (
				9347456C1A7778AE00822A5D /* SRAutoTransportSpec.m in Sources */,
				932268521A7FC43C00BC57E2 /* SRServerSentEventsTransportSpec.m in Sources */,
				936F0A0C1A70F0A000FD20B7 /* SRWebSocketTransportSpec.m in Sources */,
				932268461A7FB20700BC57E2 /* SignalRNetworkingSpec.m in Sources */,
				932268561A8513EC00BC57E2 /* SignalRAFNetworkingTest.m in Sources */,
				9322684D1A7FBE8E00BC57E2 /* TestHelpers.m in Sources */,
				932268541A83A59000BC57E2 /* SRHttpBasedTransportSpec.m in Sources */,
				937775A91A8A2CE6000312A5 /* SRConnectionSpec.m in Sources */,
				932268501A7FC34E00BC57E2 /* SRLongPollingTransportSpec.m in Sources */,
				937775A71A8A1842000312A5 /* TestNetworking.m in Sources */,
			);
			runOnlyForDeploymentPostprocessing = 0;
		};
/* End PBXSourcesBuildPhase section */

/* Begin PBXTargetDependency section */
		93E18E151A70EAE0008DD86A /* PBXTargetDependency */ = {
			isa = PBXTargetDependency;
			target = 93E18E061A70EAE0008DD86A /* SignalRClientObjC */;
			targetProxy = 93E18E141A70EAE0008DD86A /* PBXContainerItemProxy */;
		};
/* End PBXTargetDependency section */

/* Begin XCBuildConfiguration section */
		932268581A88F94400BC57E2 /* Debug */ = {
			isa = XCBuildConfiguration;
			buildSettings = {
				PRODUCT_NAME = "$(TARGET_NAME)";
			};
			name = Debug;
		};
		932268591A88F94400BC57E2 /* Release */ = {
			isa = XCBuildConfiguration;
			buildSettings = {
				PRODUCT_NAME = "$(TARGET_NAME)";
			};
			name = Release;
		};
		93E18E191A70EAE0008DD86A /* Debug */ = {
			isa = XCBuildConfiguration;
			buildSettings = {
				ALWAYS_SEARCH_USER_PATHS = NO;
				CLANG_CXX_LANGUAGE_STANDARD = "gnu++0x";
				CLANG_CXX_LIBRARY = "libc++";
				CLANG_ENABLE_MODULES = YES;
				CLANG_ENABLE_OBJC_ARC = YES;
				CLANG_WARN_BOOL_CONVERSION = YES;
				CLANG_WARN_CONSTANT_CONVERSION = YES;
				CLANG_WARN_DIRECT_OBJC_ISA_USAGE = YES_ERROR;
				CLANG_WARN_EMPTY_BODY = YES;
				CLANG_WARN_ENUM_CONVERSION = YES;
				CLANG_WARN_INT_CONVERSION = YES;
				CLANG_WARN_OBJC_ROOT_CLASS = YES_ERROR;
				CLANG_WARN_UNREACHABLE_CODE = YES;
				CLANG_WARN__DUPLICATE_METHOD_MATCH = YES;
				COPY_PHASE_STRIP = NO;
				ENABLE_STRICT_OBJC_MSGSEND = YES;
				GCC_C_LANGUAGE_STANDARD = gnu99;
				GCC_DYNAMIC_NO_PIC = NO;
				GCC_OPTIMIZATION_LEVEL = 0;
				GCC_PREPROCESSOR_DEFINITIONS = (
					"DEBUG=1",
					"$(inherited)",
				);
				GCC_SYMBOLS_PRIVATE_EXTERN = NO;
				GCC_WARN_64_TO_32_BIT_CONVERSION = YES;
				GCC_WARN_ABOUT_RETURN_TYPE = YES_ERROR;
				GCC_WARN_UNDECLARED_SELECTOR = YES;
				GCC_WARN_UNINITIALIZED_AUTOS = YES_AGGRESSIVE;
				GCC_WARN_UNUSED_FUNCTION = YES;
				GCC_WARN_UNUSED_VARIABLE = YES;
				IPHONEOS_DEPLOYMENT_TARGET = 8.1;
				MTL_ENABLE_DEBUG_INFO = YES;
				ONLY_ACTIVE_ARCH = YES;
				SDKROOT = iphoneos;
			};
			name = Debug;
		};
		93E18E1A1A70EAE0008DD86A /* Release */ = {
			isa = XCBuildConfiguration;
			buildSettings = {
				ALWAYS_SEARCH_USER_PATHS = NO;
				CLANG_CXX_LANGUAGE_STANDARD = "gnu++0x";
				CLANG_CXX_LIBRARY = "libc++";
				CLANG_ENABLE_MODULES = YES;
				CLANG_ENABLE_OBJC_ARC = YES;
				CLANG_WARN_BOOL_CONVERSION = YES;
				CLANG_WARN_CONSTANT_CONVERSION = YES;
				CLANG_WARN_DIRECT_OBJC_ISA_USAGE = YES_ERROR;
				CLANG_WARN_EMPTY_BODY = YES;
				CLANG_WARN_ENUM_CONVERSION = YES;
				CLANG_WARN_INT_CONVERSION = YES;
				CLANG_WARN_OBJC_ROOT_CLASS = YES_ERROR;
				CLANG_WARN_UNREACHABLE_CODE = YES;
				CLANG_WARN__DUPLICATE_METHOD_MATCH = YES;
				COPY_PHASE_STRIP = YES;
				ENABLE_NS_ASSERTIONS = NO;
				ENABLE_STRICT_OBJC_MSGSEND = YES;
				GCC_C_LANGUAGE_STANDARD = gnu99;
				GCC_WARN_64_TO_32_BIT_CONVERSION = YES;
				GCC_WARN_ABOUT_RETURN_TYPE = YES_ERROR;
				GCC_WARN_UNDECLARED_SELECTOR = YES;
				GCC_WARN_UNINITIALIZED_AUTOS = YES_AGGRESSIVE;
				GCC_WARN_UNUSED_FUNCTION = YES;
				GCC_WARN_UNUSED_VARIABLE = YES;
				IPHONEOS_DEPLOYMENT_TARGET = 8.1;
				MTL_ENABLE_DEBUG_INFO = NO;
				SDKROOT = iphoneos;
				VALIDATE_PRODUCT = YES;
			};
			name = Release;
		};
		93E18E1C1A70EAE0008DD86A /* Debug */ = {
			isa = XCBuildConfiguration;
			baseConfigurationReference = 29209B79725ED7ACBE4B91A4 /* Pods.debug.xcconfig */;
			buildSettings = {
				LIBRARY_SEARCH_PATHS = (
					"$(inherited)",
					"$(PROJECT_DIR)/Pods/build/Debug-iphoneos",
				);
				OTHER_LDFLAGS = (
					"$(inherited)",
					"-ObjC",
				);
				PRODUCT_NAME = "$(TARGET_NAME)";
				PUBLIC_HEADERS_FOLDER_PATH = include;
				SKIP_INSTALL = YES;
			};
			name = Debug;
		};
		93E18E1D1A70EAE0008DD86A /* Release */ = {
			isa = XCBuildConfiguration;
			baseConfigurationReference = BABBF4761719FF2D855053F0 /* Pods.release.xcconfig */;
			buildSettings = {
				LIBRARY_SEARCH_PATHS = (
					"$(inherited)",
					"$(PROJECT_DIR)/Pods/build/Debug-iphoneos",
				);
				OTHER_LDFLAGS = (
					"$(inherited)",
					"-ObjC",
				);
				PRODUCT_NAME = "$(TARGET_NAME)";
				PUBLIC_HEADERS_FOLDER_PATH = include;
				SKIP_INSTALL = YES;
			};
			name = Release;
		};
		93E18E1F1A70EAE0008DD86A /* Debug */ = {
			isa = XCBuildConfiguration;
			baseConfigurationReference = 280452D851E055063089A1B8 /* Pods-SignalRClientObjCTests.debug.xcconfig */;
			buildSettings = {
				FRAMEWORK_SEARCH_PATHS = (
					"$(SDKROOT)/Developer/Library/Frameworks",
					"$(inherited)",
				);
				GCC_PREPROCESSOR_DEFINITIONS = (
					"DEBUG=1",
					"$(inherited)",
				);
				INFOPLIST_FILE = SignalRClientObjCTests/Info.plist;
				LD_RUNPATH_SEARCH_PATHS = "$(inherited) @executable_path/Frameworks @loader_path/Frameworks";
				OTHER_LDFLAGS = (
					"$(inherited)",
					"-framework",
					"\"Foundation\"",
					"-framework",
					"\"XCTest\"",
				);
				PRODUCT_NAME = "$(TARGET_NAME)";
				USER_HEADER_SEARCH_PATHS = "\"${PROJECT_DIR}/Pods\"/**";
			};
			name = Debug;
		};
		93E18E201A70EAE0008DD86A /* Release */ = {
			isa = XCBuildConfiguration;
			baseConfigurationReference = AB34E7049B08B0E3004BEE9B /* Pods-SignalRClientObjCTests.release.xcconfig */;
			buildSettings = {
				FRAMEWORK_SEARCH_PATHS = (
					"$(SDKROOT)/Developer/Library/Frameworks",
					"$(inherited)",
				);
				INFOPLIST_FILE = SignalRClientObjCTests/Info.plist;
				LD_RUNPATH_SEARCH_PATHS = "$(inherited) @executable_path/Frameworks @loader_path/Frameworks";
				OTHER_LDFLAGS = (
					"$(inherited)",
					"-framework",
					"\"Foundation\"",
					"-framework",
					"\"XCTest\"",
				);
				PRODUCT_NAME = "$(TARGET_NAME)";
				USER_HEADER_SEARCH_PATHS = "\"${PROJECT_DIR}/Pods\"/**";
			};
			name = Release;
		};
/* End XCBuildConfiguration section */

/* Begin XCConfigurationList section */
		9322685A1A88F94400BC57E2 /* Build configuration list for PBXAggregateTarget "UniversalLib" */ = {
			isa = XCConfigurationList;
			buildConfigurations = (
				932268581A88F94400BC57E2 /* Debug */,
				932268591A88F94400BC57E2 /* Release */,
			);
			defaultConfigurationIsVisible = 0;
			defaultConfigurationName = Release;
		};
		93E18E021A70EAE0008DD86A /* Build configuration list for PBXProject "SignalRClientObjC" */ = {
			isa = XCConfigurationList;
			buildConfigurations = (
				93E18E191A70EAE0008DD86A /* Debug */,
				93E18E1A1A70EAE0008DD86A /* Release */,
			);
			defaultConfigurationIsVisible = 0;
			defaultConfigurationName = Release;
		};
		93E18E1B1A70EAE0008DD86A /* Build configuration list for PBXNativeTarget "SignalRClientObjC" */ = {
			isa = XCConfigurationList;
			buildConfigurations = (
				93E18E1C1A70EAE0008DD86A /* Debug */,
				93E18E1D1A70EAE0008DD86A /* Release */,
			);
			defaultConfigurationIsVisible = 0;
			defaultConfigurationName = Release;
		};
		93E18E1E1A70EAE0008DD86A /* Build configuration list for PBXNativeTarget "SignalRClientObjCTests" */ = {
			isa = XCConfigurationList;
			buildConfigurations = (
				93E18E1F1A70EAE0008DD86A /* Debug */,
				93E18E201A70EAE0008DD86A /* Release */,
			);
			defaultConfigurationIsVisible = 0;
			defaultConfigurationName = Release;
		};
/* End XCConfigurationList section */
	};
	rootObject = 93E18DFF1A70EAE0008DD86A /* Project object */;
}
